{"SurveyEntry":{"SurveyID":"SV_9Hmjl6Pj9nyGG7Y","SurveyName":"Welfare Prediction","SurveyDescription":null,"SurveyOwnerID":"UR_5doSyBnFsaJRqkJ","SurveyBrandID":"stanforduniversity","DivisionID":null,"SurveyLanguage":"EN","SurveyActiveResponseSet":"RS_6ED1RO8YcCgs27I","SurveyStatus":"Inactive","SurveyStartDate":"0000-00-00 00:00:00","SurveyExpirationDate":"0000-00-00 00:00:00","SurveyCreationDate":"2023-07-27 09:16:07","CreatorID":"UR_5doSyBnFsaJRqkJ","LastModified":"2023-07-27 15:25:33","LastAccessed":"0000-00-00 00:00:00","LastActivated":"0000-00-00 00:00:00","Deleted":null},"SurveyElements":[{"SurveyID":"SV_9Hmjl6Pj9nyGG7Y","Element":"BL","PrimaryAttribute":"Survey Blocks","SecondaryAttribute":null,"TertiaryAttribute":null,"Payload":{"1":{"Type":"Trash","Description":"Trash \/ Unused Questions","ID":"BL_diMZrEJryxschMy","BlockElements":[{"Type":"Question","QuestionID":"QID4"},{"Type":"Question","QuestionID":"QID1"},{"Type":"Question","QuestionID":"QID6"},{"Type":"Question","QuestionID":"QID9"},{"Type":"Question","QuestionID":"QID12"},{"Type":"Question","QuestionID":"QID13"}],"Options":{"BlockLocking":"false","RandomizeQuestions":"false","BlockVisibility":"Collapsed"}},"2":{"Type":"Standard","SubType":"","Description":"Main Block","ID":"BL_1Lnyc6Zl8MFv3pk","BlockElements":[{"Type":"Question","QuestionID":"QID2"},{"Type":"Page Break"},{"Type":"Question","QuestionID":"QID7"},{"Type":"Question","QuestionID":"QID8"},{"Type":"Page Break"},{"Type":"Question","QuestionID":"QID10"},{"Type":"Question","QuestionID":"QID11"},{"Type":"Page Break"},{"Type":"Question","QuestionID":"QID14"},{"Type":"Question","QuestionID":"QID15"}]},"3":{"Type":"Standard","SubType":"","Description":"Block 2","ID":"BL_1Ogt9qM9Tw6wAcK","Options":{"BlockLocking":"false","RandomizeQuestions":"false","BlockVisibility":"Expanded"},"BlockElements":[{"Type":"Question","QuestionID":"QID3"},{"Type":"Question","QuestionID":"QID17"},{"Type":"Page Break"},{"Type":"Question","QuestionID":"QID5"}]},"4":{"Type":"Standard","SubType":"","Description":"Block 2","ID":"BL_8DixUEXfKldfwW2","BlockElements":[{"Type":"Question","QuestionID":"QID16"}]}}},{"SurveyID":"SV_9Hmjl6Pj9nyGG7Y","Element":"FL","PrimaryAttribute":"Survey Flow","SecondaryAttribute":null,"TertiaryAttribute":null,"Payload":{"Type":"Root","FlowID":"FL_1","Flow":[{"Type":"Standard","ID":"BL_1Ogt9qM9Tw6wAcK","FlowID":"FL_4","Autofill":[]},{"Type":"Branch","FlowID":"FL_8","Description":"New Branch","BranchLogic":{"0":{"0":{"LogicType":"Question","QuestionID":"QID5","QuestionIsInLoop":"no","ChoiceLocator":"q:\/\/QID5\/SelectableChoice\/2","Operator":"Selected","QuestionIDFromLocator":"QID5","LeftOperand":"q:\/\/QID5\/SelectableChoice\/2","Type":"Expression","Description":"<span class=\"ConjDesc\">If<\/span> <span class=\"QuestionDesc\">Consent study number: Stanford University's IRB protocol 44866 and Carnegie Mellon University IRB...<\/span> <span class=\"LeftOpDesc\">I do NOT agree<\/span> <span class=\"OpDesc\">Is Selected<\/span> "},"Type":"If"},"Type":"BooleanExpression"},"Flow":[{"Type":"EndSurvey","FlowID":"FL_10"}]},{"Type":"Standard","ID":"BL_1Lnyc6Zl8MFv3pk","FlowID":"FL_3","Autofill":[]},{"Type":"Standard","ID":"BL_8DixUEXfKldfwW2","FlowID":"FL_6","Autofill":[]},{"Type":"EndSurvey","FlowID":"FL_7"}],"Properties":{"Count":10,"RemovedFieldsets":[]}}},{"SurveyID":"SV_9Hmjl6Pj9nyGG7Y","Element":"PL","PrimaryAttribute":"Preview Link","SecondaryAttribute":null,"TertiaryAttribute":null,"Payload":{"PreviewType":"Brand","PreviewID":"0e2e87f4-dff4-4e0c-8737-eb5cc07d5a9d"}},{"SurveyID":"SV_9Hmjl6Pj9nyGG7Y","Element":"SO","PrimaryAttribute":"Survey Options","SecondaryAttribute":null,"TertiaryAttribute":null,"Payload":{"BackButton":"true","SaveAndContinue":"true","SurveyProtection":"PublicSurvey","BallotBoxStuffingPrevention":"false","NoIndex":"Yes","SecureResponseFiles":"true","SurveyExpiration":"None","SurveyTermination":"DefaultMessage","Header":"","Footer":"","ProgressBarDisplay":"None","PartialData":"+1 week","ValidationMessage":null,"PreviousButton":"","NextButton":"","SurveyTitle":"Qualtrics Survey | Qualtrics Experience Management","SkinLibrary":"stanforduniversity","SkinType":"MQ","Skin":"stanforduniversity3_new_update","NewScoring":1,"SurveyMetaDescription":"The most powerful, simple and trusted way to gather experience data. Start your journey to experience management and try a free account today.","EOSMessage":null,"ShowExportTags":"false","CollectGeoLocation":"false","PasswordProtection":"No","AnonymizeResponse":"No","RefererCheck":"No","BallotBoxStuffingPreventionBehavior":null,"BallotBoxStuffingPreventionMessage":null,"BallotBoxStuffingPreventionMessageLibrary":null,"BallotBoxStuffingPreventionURL":null,"RecaptchaV3":"false","ConfirmStart":false,"AutoConfirmStart":false,"RelevantID":"false","RelevantIDLockoutPeriod":"+30 days","UseCustomSurveyLinkCompletedMessage":null,"SurveyLinkCompletedMessage":null,"SurveyLinkCompletedMessageLibrary":null,"ResponseSummary":"No","EOSMessageLibrary":null,"EOSRedirectURL":null,"EmailThankYou":"false","ThankYouEmailMessageLibrary":null,"ThankYouEmailMessage":null,"ValidateMessage":"false","ValidationMessageLibrary":null,"InactiveSurvey":"DefaultMessage","PartialDeletion":null,"PartialDataCloseAfter":"LastActivity","InactiveMessageLibrary":null,"InactiveMessage":null,"AvailableLanguages":{"EN":[]},"SurveyName":"Welfare Prediction"}},{"SurveyID":"SV_9Hmjl6Pj9nyGG7Y","Element":"SCO","PrimaryAttribute":"Scoring","SecondaryAttribute":null,"TertiaryAttribute":null,"Payload":{"ScoringCategories":[],"ScoringCategoryGroups":[],"ScoringSummaryCategory":null,"ScoringSummaryAfterQuestions":0,"ScoringSummaryAfterSurvey":0,"DefaultScoringCategory":null,"AutoScoringCategory":null}},{"SurveyID":"SV_9Hmjl6Pj9nyGG7Y","Element":"PROJ","PrimaryAttribute":"CORE","SecondaryAttribute":null,"TertiaryAttribute":"1.1.0","Payload":{"ProjectCategory":"CORE","SchemaVersion":"1.1.0"}},{"SurveyID":"SV_9Hmjl6Pj9nyGG7Y","Element":"STAT","PrimaryAttribute":"Survey Statistics","SecondaryAttribute":null,"TertiaryAttribute":null,"Payload":{"MobileCompatible":true,"ID":"Survey Statistics"}},{"SurveyID":"SV_9Hmjl6Pj9nyGG7Y","Element":"SQ","PrimaryAttribute":"QID8","SecondaryAttribute":" ","TertiaryAttribute":null,"Payload":{"QuestionText":"&nbsp;","DefaultChoices":false,"DataExportTag":"Q6","QuestionID":"QID8","QuestionType":"DB","Selector":"GRB","Configuration":{"QuestionDescriptionOption":"UseText"},"QuestionDescription":" ","ChoiceOrder":[],"Validation":{"Settings":{"Type":"None"}},"GradingData":[],"Language":[],"NextChoiceId":4,"NextAnswerId":1,"SubSelector":"WTXB","Graphics":"IM_4PnRMduHxRqiW90","GraphicsDescription":"Yourtask","DataVisibility":{"Private":false,"Hidden":false}}},{"SurveyID":"SV_9Hmjl6Pj9nyGG7Y","Element":"QC","PrimaryAttribute":"Survey Question Count","SecondaryAttribute":"17","TertiaryAttribute":null,"Payload":null},{"SurveyID":"SV_9Hmjl6Pj9nyGG7Y","Element":"SQ","PrimaryAttribute":"QID1","SecondaryAttribute":"Click to write the question text","TertiaryAttribute":null,"Payload":{"QuestionText":"Click to write the question text","DataExportTag":"Q1","QuestionType":"MC","Selector":"SAVR","SubSelector":"TX","Configuration":{"QuestionDescriptionOption":"UseText"},"QuestionDescription":"Click to write the question text","Choices":{"1":{"Display":"Click to write Choice 1"},"2":{"Display":"Click to write Choice 2"},"3":{"Display":"Click to write Choice 3"}},"ChoiceOrder":["1","2","3"],"Validation":{"Settings":{"ForceResponse":"OFF","Type":"None"}},"Language":[],"NextChoiceId":4,"NextAnswerId":1,"QuestionID":"QID1","DataVisibility":{"Private":false,"Hidden":false}}},{"SurveyID":"SV_9Hmjl6Pj9nyGG7Y","Element":"SQ","PrimaryAttribute":"QID4","SecondaryAttribute":"Click to write the question text","TertiaryAttribute":null,"Payload":{"QuestionText":"Click to write the question text","DefaultChoices":false,"DataExportTag":"Q4","QuestionType":"DB","Selector":"TB","Configuration":{"QuestionDescriptionOption":"UseText"},"QuestionDescription":"Click to write the question text","ChoiceOrder":[],"Validation":{"Settings":{"Type":"None"}},"GradingData":[],"Language":[],"NextChoiceId":4,"NextAnswerId":1,"QuestionID":"QID4","DataVisibility":{"Private":false,"Hidden":false}}},{"SurveyID":"SV_9Hmjl6Pj9nyGG7Y","Element":"SQ","PrimaryAttribute":"QID6","SecondaryAttribute":"Click to write the question text","TertiaryAttribute":null,"Payload":{"QuestionText":"Click to write the question text","DefaultChoices":false,"DataExportTag":"Q4","QuestionID":"QID6","QuestionType":"DB","Selector":"TB","Configuration":{"QuestionDescriptionOption":"UseText"},"QuestionDescription":"Click to write the question text","ChoiceOrder":[],"Validation":{"Settings":{"Type":"None"}},"GradingData":[],"Language":[],"NextChoiceId":4,"NextAnswerId":1}},{"SurveyID":"SV_9Hmjl6Pj9nyGG7Y","Element":"SQ","PrimaryAttribute":"QID9","SecondaryAttribute":"Click to write the question text","TertiaryAttribute":null,"Payload":{"QuestionText":"&nbsp;<br>","DefaultChoices":false,"DataExportTag":"Q9","QuestionType":"MC","Selector":"SAVR","SubSelector":"TX","Configuration":{"QuestionDescriptionOption":"SpecifyLabel"},"QuestionDescription":"Click to write the question text","Choices":{"1":{"Display":"I agree"},"2":{"Display":"I do NOT agree"}},"ChoiceOrder":[1,2],"Validation":{"Settings":{"ForceResponse":"OFF","Type":"None"}},"GradingData":[],"Language":[],"NextChoiceId":3,"NextAnswerId":1,"QuestionID":"QID9"}},{"SurveyID":"SV_9Hmjl6Pj9nyGG7Y","Element":"SQ","PrimaryAttribute":"QID5","SecondaryAttribute":"Consent study number: Stanford University's IRB protocol 44866 and Carnegie Mellon University IRB...","TertiaryAttribute":null,"Payload":{"QuestionText":"<strong>Consent study number<\/strong>: Stanford University's IRB protocol 44866 and Carnegie Mellon University IRB's #IRBSTUDY2015_00000482.<br>\n<br>\n<strong>Study title<\/strong>: Forecasting experimental participants' value for satisfying preferences when beliefs are fixed.<br>\n<br>\n<strong>Principal investigators<\/strong>: Gonzalo R. Arrieta and Lukas Bolte<br>\n<br>\n<strong>Description<\/strong>: We are researchers at Stanford University and Carnegie Mellon University running an incentivized experiment to investigate whether and how much people value satisfying others' preferences when the others' <em>beliefs<\/em> about whether those preferences are satisfied are fixed and won't change. In this study, we ask you to predict our main outcomes.&nbsp;Participation should take about five to ten minutes.<br>\n<br><strong>Risks and benefits<\/strong>: This is a minimal-risk study. We cannot and do not promise or guarantee that you will receive any benefits from participating in this study.<br>\n<br>\n<strong>Confidentiality<\/strong>: We will not collect any personal identifiers during the course of this study.&nbsp;<br>\n<br>\n<strong>Contacts and questions<\/strong>: If you have questions about your rights as a research participant or are not satisfied with how this research is being conducted, you may contact the Stanford University IRB at&nbsp;<a href=\"mailto:irb2-manager@lists.stanford.edu\" target=\"_top\">irb2-manager@lists.stanford.edu<\/a>&nbsp;or the Carnegie Mellon University IRB at&nbsp;<a href=\"mailto:irb-review@andrew.cmu.edu\" target=\"_top\">irb-review@andrew.cmu.edu<\/a>&nbsp;to speak to someone independent of the research team.<br>\n<br>\n<strong>Consent<\/strong>: Being in this study is voluntary. Please exit the webpage if you do not want to participate. By clicking \u201cI agree\u201d below, you confirm that you have read the consent form, are at least 18 years old, and agree to participate in the research.","DefaultChoices":false,"DataExportTag":"Q5","QuestionID":"QID5","QuestionType":"MC","Selector":"SAVR","SubSelector":"TX","DataVisibility":{"Private":false,"Hidden":false},"Configuration":{"QuestionDescriptionOption":"UseText"},"QuestionDescription":"Consent study number: Stanford University's IRB protocol 44866 and Carnegie Mellon University IRB...","Choices":{"1":{"Display":"I agree"},"2":{"Display":"I do NOT agree"}},"ChoiceOrder":[1,2],"Validation":{"Settings":{"ForceResponse":"ON","ForceResponseType":"ON","Type":"None"}},"GradingData":[],"Language":[],"NextChoiceId":3,"NextAnswerId":1}},{"SurveyID":"SV_9Hmjl6Pj9nyGG7Y","Element":"SQ","PrimaryAttribute":"QID13","SecondaryAttribute":"Consider all participants who report LEARN_WTP strictly greater than zero. This means they are wi...","TertiaryAttribute":null,"Payload":{"QuestionText":"Consider all participants who report LEARN_WTP strictly greater than zero. This means they are willing-to-pay a positive amount for Alex to get the books with the original handwritten notes when Alex will learn whether he got the original or fake.&nbsp;<br><br>For each of the cells below, report your predictions about the share of participants with LEARN_WTP&gt;0 that fall in each category. In parenthesis, we added interpretations for what that level of NO_LEARN_WTP means to help you in making your predictions.<br>","DefaultChoices":false,"DataExportTag":"Q13","QuestionType":"TE","Selector":"FORM","DataVisibility":{"Private":false,"Hidden":false},"Configuration":{"QuestionDescriptionOption":"UseText"},"QuestionDescription":"Consider all participants who report LEARN_WTP strictly greater than zero. This means they are wi...","Choices":{"1":{"Display":"NO_LEARN_WTP < 0 (if Alex won't learn about it, I'd rather he had the fake notes)"},"2":{"Display":"NO_LEARN_WTP = 0  (if Alex won't learn about it, I don't care which notes he gets)"},"3":{"Display":"0 < NO_LEARN_WTP < LEARN_WTP (even if Alex won't learn about it, I'd rather he had the original notes, but not as much as if he learned about it)"},"4":{"Display":"NO_LEARN_WTP = LEARN_WTP (whether Alex learns bout it or not doesn't matter, I value him getting the original notes the same)"},"5":{"Display":"NO_LEARN_WTP > LEARN_WTP (if Alex won't learn about it, I'd rather he had the original notes, and I value it even more strongly than if he learned about it)"}},"ChoiceOrder":[1,2,3,4,5],"Validation":{"Settings":{"ForceResponse":"RequestResponse","ForceResponseType":"RequestResponse"}},"GradingData":[],"Language":[],"NextChoiceId":6,"NextAnswerId":1,"SearchSource":{"AllowFreeResponse":"false"},"QuestionID":"QID13"}},{"SurveyID":"SV_9Hmjl6Pj9nyGG7Y","Element":"SQ","PrimaryAttribute":"QID15","SecondaryAttribute":"Consider all participants who report LEARN_WTP strictly greater than zero. This means they are wi...","TertiaryAttribute":null,"Payload":{"QuestionText":"Consider all participants who report LEARN_WTP strictly greater than zero. This means they are willing reduce Alex's surprise bonus to get the books with the original handwritten notes when Alex will learn about it.&nbsp;<br><br>For each of the cells below, report your predictions about the share of participants with LEARN_WTP&gt;0 that fall in each category. In parenthesis, we added interpretations for what that level of NO_LEARN_WTP means to help you in making your predictions. The sum of the numbers you report must be 100.<br>","DefaultChoices":false,"DataExportTag":"Q15","QuestionID":"QID15","QuestionType":"CS","Selector":"VRTL","SubSelector":"TX","DataVisibility":{"Private":false,"Hidden":false},"Configuration":{"QuestionDescriptionOption":"UseText","CSSliderMin":0,"CSSliderMax":100},"QuestionDescription":"Consider all participants who report LEARN_WTP strictly greater than zero. This means they are wi...","Choices":{"1":{"Display":"<strong>NO_LEARN_WTP &lt; 0<\/strong>\n<div style=\"margin-left: 40px;\">(if Alex won&#39;t learn about it, I prefer for him to get the fake notes)<\/div>\n"},"2":{"Display":"<strong>NO_LEARN_WTP = 0<\/strong>\n<div style=\"margin-left: 40px;\">(if Alex won&#39;t learn about it, I don&#39;t care which notes he gets)<\/div>\n"},"3":{"Display":"<strong>0 &lt; NO_LEARN_WTP &lt; LEARN_WTP<\/strong>\n<div style=\"margin-left: 40px;\">(even if Alex won&#39;t learn about it, I prefer for him to get the original notes, but not as much as if he learned about it)<\/div>\n"},"4":{"Display":"<strong>NO_LEARN_WTP = LEARN_WTP<\/strong>\n<div style=\"margin-left: 40px;\">(whether Alex learns about it or not doesn&#39;t matter; I value him getting the original notes the same)<\/div>\n"},"5":{"Display":"<strong>NO_LEARN_WTP &gt; LEARN_WTP<\/strong>\n<div style=\"margin-left: 40px;\">(if Alex won&#39;t learn about it, I prefer for him to get the original notes, and even more than if he learned about it)<\/div>\n"}},"ChoiceOrder":[1,2,3,4,5],"Validation":{"Settings":{"EnforceRange":"ON","Type":"ChoicesTotal","ChoiceTotal":"100"}},"GradingData":[],"Language":[],"NextChoiceId":6,"NextAnswerId":1,"Labels":[],"ClarifyingSymbolType":"None"}},{"SurveyID":"SV_9Hmjl6Pj9nyGG7Y","Element":"RS","PrimaryAttribute":"RS_6ED1RO8YcCgs27I","SecondaryAttribute":"Default Response Set","TertiaryAttribute":null,"Payload":null},{"SurveyID":"SV_9Hmjl6Pj9nyGG7Y","Element":"SQ","PrimaryAttribute":"QID12","SecondaryAttribute":"For each cell below, please report your predicted frequencies: What share of participants do you...","TertiaryAttribute":null,"Payload":{"QuestionText":"For each cell below, please report your predicted frequencies: What share of participants do you expect to be in each repsonse category?<br><br>Consider all participants who report a strictly positive willingness-to-pay, WTP=X&gt;0, to give Alex the original notes in the case when Alex WILL learn about it. What share of participants do you predict will give a WTP that falls in each of the categories below for the case when Alex WILL NOT learn about it?<br>","DefaultChoices":false,"DataExportTag":"Q12","QuestionID":"QID12","QuestionType":"TE","Selector":"FORM","Configuration":{"QuestionDescriptionOption":"UseText"},"QuestionDescription":"For each cell below, please report your predicted frequencies: What share of participants do you...","Choices":{"1":{"Display":"A WTP of 0"},"2":{"Display":"A positive WTP smaller than X"},"3":{"Display":"A WTP of exactly X"},"4":{"Display":"A WTP greater than X"},"5":{"Display":"A WTP greater than X by more than $5"}},"ChoiceOrder":[1,2,3,4,5],"Validation":{"Settings":{"ForceResponse":"OFF","Type":null}},"GradingData":[],"Language":[],"NextChoiceId":6,"NextAnswerId":1,"SearchSource":{"AllowFreeResponse":"false"}}},{"SurveyID":"SV_9Hmjl6Pj9nyGG7Y","Element":"SQ","PrimaryAttribute":"QID2","SecondaryAttribute":"In the study we investigate whether people value having someone's preferences satisfied even if t...","TertiaryAttribute":null,"Payload":{"QuestionText":"In the study we investigate whether people value having someone's preferences satisfied even if the other person will never know about it. We call the other person Alex. We elicit participants' willingness-to-pay to satisfy Alex's preferences for two cases. In one case, Alex will know whether his preferences are satisfied. In the other case, Alex will NOT know whether his preferences are satisfied.<br>\n<br>\nThe willingess-to-pay to have Alex's preferences satisfied is in terms of a surprise bonus Alex may or may not receive. Essentially, we are asking our participants how much they are willing to lower Alex's surprise bonus in order for Alex's preferences to be satisfied, both for the case when Alex will know whether his preferences are satisfied and for the case when Alex will never learn. In what follows, we sometimes say \"participants are willing to pay X\" but we mean \"using Alex's money\". Participants themselves never pay or accept any bonus apart from their completion payment.<br><br>We next walk you through the experimental instructions, before asking you to make the predictions.","DefaultChoices":false,"DataExportTag":"Q2","QuestionType":"DB","Selector":"TB","Configuration":{"QuestionDescriptionOption":"UseText"},"QuestionDescription":"In the study we investigate whether people value having someone's preferences satisfied even if t...","ChoiceOrder":[],"Validation":{"Settings":{"Type":"None"}},"GradingData":[],"Language":[],"NextChoiceId":4,"NextAnswerId":1,"QuestionID":"QID2","DataVisibility":{"Private":false,"Hidden":false}}},{"SurveyID":"SV_9Hmjl6Pj9nyGG7Y","Element":"SQ","PrimaryAttribute":"QID14","SecondaryAttribute":"Now we will ask you to make predictions. As a reminder: Participants decide by how much they are...","TertiaryAttribute":null,"Payload":{"QuestionText":"Now we will ask you to make predictions.<br \/>\n<br \/>\nAs a reminder:\n<ul>\n\t<li>Participants decide by how much they are willing to reduce Alex&#39;s surprise bonus in order to receive two books with original notes instead of two books with fake notes.&nbsp;<\/li>\n\t<li>This is done for two cases:<\/li>\n<\/ul>\n\n<ol>\n\t<li>Alex learns which set of books he received---call the outcome variable LEARN_WTP<\/li>\n\t<li>Alex will not learn which set of books he received---call the outcome variables NO_LEARN_WTP<\/li>\n<\/ol>","DefaultChoices":false,"DataExportTag":"Q14","QuestionID":"QID14","QuestionType":"DB","Selector":"TB","Configuration":{"QuestionDescriptionOption":"UseText"},"QuestionDescription":"Now we will ask you to make predictions. As a reminder: Participants decide by how much they are...","ChoiceOrder":[],"Validation":{"Settings":{"Type":"None"}},"GradingData":[],"Language":[],"NextChoiceId":4,"NextAnswerId":1,"DataVisibility":{"Private":false,"Hidden":false}}},{"SurveyID":"SV_9Hmjl6Pj9nyGG7Y","Element":"SQ","PrimaryAttribute":"QID3","SecondaryAttribute":"Project title: Red or Blue Pill? A Positive Welfare Analysis Authors: Gonzalo R. Arrieta and Luka...","TertiaryAttribute":null,"Payload":{"QuestionText":"<strong>Project title:<\/strong> Red or Blue Pill? A Positive Welfare Analysis<br>\n<br>\n<strong>Authors:<\/strong> Gonzalo R. Arrieta and Lukas Bolte<br>","DefaultChoices":false,"DataExportTag":"Q3","QuestionType":"DB","Selector":"TB","Configuration":{"QuestionDescriptionOption":"UseText"},"QuestionDescription":"Project title: Red or Blue Pill? A Positive Welfare Analysis Authors: Gonzalo R. Arrieta and Luka...","ChoiceOrder":[],"Validation":{"Settings":{"Type":"None"}},"GradingData":[],"Language":[],"NextChoiceId":4,"NextAnswerId":1,"QuestionID":"QID3","DataVisibility":{"Private":false,"Hidden":false}}},{"SurveyID":"SV_9Hmjl6Pj9nyGG7Y","Element":"SQ","PrimaryAttribute":"QID17","SecondaryAttribute":"Thank you for participating in the prediction exercise for our study. Please continue to see a co...","TertiaryAttribute":null,"Payload":{"QuestionText":"Thank you for participating in the prediction exercise for our study. Please continue to see a consent form and more details.","DefaultChoices":false,"DataExportTag":"Q17","QuestionID":"QID17","QuestionType":"DB","Selector":"TB","Configuration":{"QuestionDescriptionOption":"UseText"},"QuestionDescription":"Thank you for participating in the prediction exercise for our study. Please continue to see a co...","ChoiceOrder":[],"Validation":{"Settings":{"Type":"None"}},"GradingData":[],"Language":[],"NextChoiceId":4,"NextAnswerId":1}},{"SurveyID":"SV_9Hmjl6Pj9nyGG7Y","Element":"SQ","PrimaryAttribute":"QID16","SecondaryAttribute":"Thank you for your predictions! You are done with this prediction exercise. We hope you have a ni...","TertiaryAttribute":null,"Payload":{"QuestionText":"<span style=\"font-size:16px;\">Thank you for your predictions!<br><br>You are done with this prediction exercise. We hope you have a nice day!<br><\/span>","DefaultChoices":false,"DataExportTag":"Q16","QuestionType":"DB","Selector":"TB","Configuration":{"QuestionDescriptionOption":"UseText"},"QuestionDescription":"Thank you for your predictions! You are done with this prediction exercise. We hope you have a ni...","ChoiceOrder":[],"Validation":{"Settings":{"Type":"None"}},"GradingData":[],"Language":[],"NextChoiceId":4,"NextAnswerId":1,"QuestionID":"QID16"}},{"SurveyID":"SV_9Hmjl6Pj9nyGG7Y","Element":"SQ","PrimaryAttribute":"QID7","SecondaryAttribute":"The rest of this page shows the relevant parts of the instructions that the participants see.","TertiaryAttribute":null,"Payload":{"QuestionText":"The rest of this page shows the relevant parts of the instructions that the participants see.","DefaultChoices":false,"DataExportTag":"Q5","QuestionType":"DB","Selector":"GRB","Configuration":{"QuestionDescriptionOption":"UseText"},"QuestionDescription":"The rest of this page shows the relevant parts of the instructions that the participants see.","ChoiceOrder":[],"Validation":{"Settings":{"Type":"None"}},"GradingData":[],"Language":[],"NextChoiceId":4,"NextAnswerId":1,"QuestionID":"QID7","SubSelector":"WTXB","Graphics":"IM_09eppiXg4gH8GBU","GraphicsDescription":"Economicsfan","DataVisibility":{"Private":false,"Hidden":false}}},{"SurveyID":"SV_9Hmjl6Pj9nyGG7Y","Element":"SQ","PrimaryAttribute":"QID11","SecondaryAttribute":"We do this for two cases. Specifically, we tell participants \"We might or might not tell Alex whe...","TertiaryAttribute":null,"Payload":{"QuestionText":"We do this for two cases. Specifically, we tell participants \"<em>We might or might not tell Alex whether the two books he gets are the ones with the original or fake notes. We ask you to make your choices for each case<\/em>.\" and then elicit the questions above for the two cases:\n<ol>\n\t<li>\"we WILL tell Alex whether the books he got are the ones with the original or fake notes\"<\/li>\n\t<li>\"we WILL NOT tell Alex whether the books he got are the ones with the original or fake notes\"<\/li>\n<\/ol>","DefaultChoices":false,"DataExportTag":"Q11","QuestionID":"QID11","QuestionType":"DB","Selector":"TB","Configuration":{"QuestionDescriptionOption":"UseText"},"QuestionDescription":"We do this for two cases. Specifically, we tell participants \"We might or might not tell Alex whe...","ChoiceOrder":[],"Validation":{"Settings":{"Type":"None"}},"GradingData":[],"Language":[],"NextChoiceId":4,"NextAnswerId":1,"DataVisibility":{"Private":false,"Hidden":false}}},{"SurveyID":"SV_9Hmjl6Pj9nyGG7Y","Element":"SQ","PrimaryAttribute":"QID10","SecondaryAttribute":"We then elicit participants' willingness-to-pay by having them respond to the questions below:","TertiaryAttribute":null,"Payload":{"QuestionText":"We then elicit participants' willingness-to-pay by having them respond to the questions below:","DefaultChoices":false,"DataExportTag":"Q10","QuestionID":"QID10","QuestionType":"DB","Selector":"GRB","Configuration":{"QuestionDescriptionOption":"UseText"},"QuestionDescription":"We then elicit participants' willingness-to-pay by having them respond to the questions below:","ChoiceOrder":[],"Validation":{"Settings":{"Type":"None"}},"GradingData":[],"Language":[],"NextChoiceId":4,"NextAnswerId":1,"SubSelector":"WTXB","Graphics":"IM_6Y9TvZVWH2PIH1c","GraphicsDescription":"Questions","DataVisibility":{"Private":false,"Hidden":false}}}]}